<?xml version="1.0" encoding="utf-8"?>
<Project ToolsVersion="4.0" xmlns="http://schemas.microsoft.com/developer/msbuild/2003">
  <ItemGroup>
    <Filter Include="Source Files">
      <UniqueIdentifier>{4FC737F1-C7A5-4376-A066-2A32D752A2FF}</UniqueIdentifier>
      <Extensions>cpp;c;cc;cxx;def;odl;idl;hpj;bat;asm;asmx</Extensions>
    </Filter>
    <Filter Include="Header Files">
      <UniqueIdentifier>{93995380-89BD-4b04-88EB-625FBE52EBFB}</UniqueIdentifier>
      <Extensions>h;hpp;hxx;hm;inl;inc;xsd</Extensions>
    </Filter>
    <Filter Include="Resource Files">
      <UniqueIdentifier>{67DA6AB6-F800-4c08-8B7A-83BB121AAD01}</UniqueIdentifier>
      <Extensions>rc;ico;cur;bmp;dlg;rc2;rct;bin;rgs;gif;jpg;jpeg;jpe;resx;tiff;tif;png;wav;mfcribbon-ms</Extensions>
    </Filter>
    <Filter Include="Header Files\Ctrl">
      <UniqueIdentifier>{6ed2345c-0c30-4f5f-906c-90a87d617d26}</UniqueIdentifier>
    </Filter>
    <Filter Include="Header Files\ThirdParty">
      <UniqueIdentifier>{6419b361-1903-4f0d-9170-7101b8290e2d}</UniqueIdentifier>
    </Filter>
    <Filter Include="Header Files\ThirdParty\TinyXML">
      <UniqueIdentifier>{fc169ff7-a73e-4fcf-ad85-f354bc4ac355}</UniqueIdentifier>
    </Filter>
    <Filter Include="Header Files\ThirdParty\WTL">
      <UniqueIdentifier>{bcde9a06-d1de-4b34-b045-eb14f1f8402f}</UniqueIdentifier>
    </Filter>
    <Filter Include="Header Files\Others">
      <UniqueIdentifier>{bfd782b2-f658-4c31-8499-7caa66484a3d}</UniqueIdentifier>
    </Filter>
  </ItemGroup>
  <ItemGroup>
    <ClCompile Include="WinMain.cpp">
      <Filter>Source Files</Filter>
    </ClCompile>
    <ClCompile Include="XUI\TinyXML\tinystr.cpp">
      <Filter>Header Files\ThirdParty\TinyXML</Filter>
    </ClCompile>
    <ClCompile Include="XUI\TinyXML\tinyxml.cpp">
      <Filter>Header Files\ThirdParty\TinyXML</Filter>
    </ClCompile>
    <ClCompile Include="XUI\TinyXML\tinyxmlerror.cpp">
      <Filter>Header Files\ThirdParty\TinyXML</Filter>
    </ClCompile>
    <ClCompile Include="XUI\TinyXML\tinyxmlparser.cpp">
      <Filter>Header Files\ThirdParty\TinyXML</Filter>
    </ClCompile>
  </ItemGroup>
  <ItemGroup>
    <ClInclude Include="XUI\XFrameWork\XBase.hpp">
      <Filter>Header Files</Filter>
    </ClInclude>
    <ClInclude Include="XUI\XFrameWork\XDefine.hpp">
      <Filter>Header Files</Filter>
    </ClInclude>
    <ClInclude Include="XUI\XFrameWork\XResPool.hpp">
      <Filter>Header Files</Filter>
    </ClInclude>
    <ClInclude Include="XUI\XUI.h">
      <Filter>Header Files</Filter>
    </ClInclude>
    <ClInclude Include="XUI\XFrameWork\XFrame.hpp">
      <Filter>Header Files</Filter>
    </ClInclude>
    <ClInclude Include="XUI\TinyXML\tinystr.h">
      <Filter>Header Files\ThirdParty\TinyXML</Filter>
    </ClInclude>
    <ClInclude Include="XUI\TinyXML\tinyxml.h">
      <Filter>Header Files\ThirdParty\TinyXML</Filter>
    </ClInclude>
    <ClInclude Include="XUI\WTL\atlctrlx.h">
      <Filter>Header Files\ThirdParty\WTL</Filter>
    </ClInclude>
    <ClInclude Include="XUI\WTL\atlddx.h">
      <Filter>Header Files\ThirdParty\WTL</Filter>
    </ClInclude>
    <ClInclude Include="XUI\WTL\atldlgs.h">
      <Filter>Header Files\ThirdParty\WTL</Filter>
    </ClInclude>
    <ClInclude Include="XUI\WTL\atldwm.h">
      <Filter>Header Files\ThirdParty\WTL</Filter>
    </ClInclude>
    <ClInclude Include="XUI\WTL\atlfind.h">
      <Filter>Header Files\ThirdParty\WTL</Filter>
    </ClInclude>
    <ClInclude Include="XUI\WTL\atlframe.h">
      <Filter>Header Files\ThirdParty\WTL</Filter>
    </ClInclude>
    <ClInclude Include="XUI\WTL\atlgdi.h">
      <Filter>Header Files\ThirdParty\WTL</Filter>
    </ClInclude>
    <ClInclude Include="XUI\WTL\atlmisc.h">
      <Filter>Header Files\ThirdParty\WTL</Filter>
    </ClInclude>
    <ClInclude Include="XUI\WTL\atlprint.h">
      <Filter>Header Files\ThirdParty\WTL</Filter>
    </ClInclude>
    <ClInclude Include="XUI\WTL\atlres.h">
      <Filter>Header Files\ThirdParty\WTL</Filter>
    </ClInclude>
    <ClInclude Include="XUI\WTL\atlresce.h">
      <Filter>Header Files\ThirdParty\WTL</Filter>
    </ClInclude>
    <ClInclude Include="XUI\WTL\atlribbon.h">
      <Filter>Header Files\ThirdParty\WTL</Filter>
    </ClInclude>
    <ClInclude Include="XUI\WTL\atlscrl.h">
      <Filter>Header Files\ThirdParty\WTL</Filter>
    </ClInclude>
    <ClInclude Include="XUI\WTL\atlsplit.h">
      <Filter>Header Files\ThirdParty\WTL</Filter>
    </ClInclude>
    <ClInclude Include="XUI\WTL\atltheme.h">
      <Filter>Header Files\ThirdParty\WTL</Filter>
    </ClInclude>
    <ClInclude Include="XUI\WTL\atluser.h">
      <Filter>Header Files\ThirdParty\WTL</Filter>
    </ClInclude>
    <ClInclude Include="XUI\WTL\atlwince.h">
      <Filter>Header Files\ThirdParty\WTL</Filter>
    </ClInclude>
    <ClInclude Include="XUI\WTL\atlwinx.h">
      <Filter>Header Files\ThirdParty\WTL</Filter>
    </ClInclude>
    <ClInclude Include="XUI\WTL\atlapp.h">
      <Filter>Header Files\ThirdParty\WTL</Filter>
    </ClInclude>
    <ClInclude Include="XUI\WTL\atlcrack.h">
      <Filter>Header Files\ThirdParty\WTL</Filter>
    </ClInclude>
    <ClInclude Include="XUI\WTL\atlctrls.h">
      <Filter>Header Files\ThirdParty\WTL</Filter>
    </ClInclude>
    <ClInclude Include="XUI\WTL\atlctrlw.h">
      <Filter>Header Files\ThirdParty\WTL</Filter>
    </ClInclude>
    <ClInclude Include="XUI\XFrameWork\XRealWnd.hpp">
      <Filter>Header Files</Filter>
    </ClInclude>
    <ClInclude Include="xui\XFrameWork\XTree.hpp">
      <Filter>Header Files</Filter>
    </ClInclude>
    <ClInclude Include="xui\XFrameWork\XElement.hpp">
      <Filter>Header Files</Filter>
    </ClInclude>
    <ClInclude Include="xui\XFrameWork\XCtrls\XStatic.hpp">
      <Filter>Header Files\Ctrl</Filter>
    </ClInclude>
    <ClInclude Include="XUI\XFrameWork\XGaia.hpp">
      <Filter>Header Files</Filter>
    </ClInclude>
    <ClInclude Include="XUI\XFrameWork\XMsg.hpp">
      <Filter>Header Files</Filter>
    </ClInclude>
    <ClInclude Include="XUI\XFrameWork\XDrawDevice.hpp">
      <Filter>Header Files</Filter>
    </ClInclude>
    <ClInclude Include="XUI\XFrameWork\XUtil.hpp">
      <Filter>Header Files</Filter>
    </ClInclude>
    <ClInclude Include="XUI\Others\CFile.hpp">
      <Filter>Header Files\Others</Filter>
    </ClInclude>
    <ClInclude Include="xui\XFrameWork\XProperty.hpp">
      <Filter>Header Files</Filter>
    </ClInclude>
  </ItemGroup>
  <ItemGroup>
    <None Include="..\Resource\Test.xml">
      <Filter>Resource Files</Filter>
    </None>
  </ItemGroup>
</Project>